
Microsoft Visual Studio Solution File, Format Version 12.00
# Visual Studio Version 17
VisualStudioVersion = 17.2.32630.192
MinimumVisualStudioVersion = 10.0.40219.1
Project("{FAE04EC0-301F-11D3-BF4B-00C04F79EFBC}") = "SDC1_KnowledgeCheck2", "SDC1_KnowledgeCheck2\SDC1_KnowledgeCheck2.csproj", "{D6B54F22-9D83-477A-BD23-394592292835}"
EndProject
Global
	GlobalSection(SolutionConfigurationPlatforms) = preSolution
		Debug|Any CPU = Debug|Any CPU
		Release|Any CPU = Release|Any CPU
	EndGlobalSection
	GlobalSection(ProjectConfigurationPlatforms) = postSolution
		{D6B54F22-9D83-477A-BD23-394592292835}.Debug|Any CPU.ActiveCfg = Debug|Any CPU
		{D6B54F22-9D83-477A-BD23-394592292835}.Debug|Any CPU.Build.0 = Debug|Any CPU
		{D6B54F22-9D83-477A-BD23-394592292835}.Release|Any CPU.ActiveCfg = Release|Any CPU
		{D6B54F22-9D83-477A-BD23-394592292835}.Release|Any CPU.Build.0 = Release|Any CPU
	EndGlobalSection
	GlobalSection(SolutionProperties) = preSolution
		HideSolutionNode = FALSE
	EndGlobalSection
	GlobalSection(ExtensibilityGlobals) = postSolution
		SolutionGuid = {137634F4-08CB-46BB-BC42-FC3807212E52}
	EndGlobalSection
EndGlobal
